// !$*UTF8*$!
{
	archiveVersion = 1;
	classes = {
	};
	objectVersion = 77;
	objects = {

/* Begin PBXBuildFile section */
		F10FD94E2E4C790500D0E06C /* RemoteFeedLoaderTests.swift in Sources */ = {isa = PBXBuildFile; fileRef = F10FD94A2E4C790500D0E06C /* RemoteFeedLoaderTests.swift */; };
		F10FD94F2E4C790500D0E06C /* URLSessionHTTPClientTests.swift in Sources */ = {isa = PBXBuildFile; fileRef = F10FD94B2E4C790500D0E06C /* URLSessionHTTPClientTests.swift */; };
		F10FD9522E4C7D4600D0E06C /* XCTestCase+MemoryLeakTracking.swift in Sources */ = {isa = PBXBuildFile; fileRef = F10FD9512E4C7D4600D0E06C /* XCTestCase+MemoryLeakTracking.swift */; };
		F10FD9542E4CC43700D0E06C /* URLSessionHTTPClient.swift in Sources */ = {isa = PBXBuildFile; fileRef = F10FD9532E4CC43700D0E06C /* URLSessionHTTPClient.swift */; };
		F10FD95D2E4CC87500D0E06C /* EssentialFeed.framework in Frameworks */ = {isa = PBXBuildFile; fileRef = F18984752E3752310093B281 /* EssentialFeed.framework */; };
		F15855432E4797FE00B2CD84 /* HTTPClient.swift in Sources */ = {isa = PBXBuildFile; fileRef = F15855422E4797FE00B2CD84 /* HTTPClient.swift */; };
		F15855452E47987200B2CD84 /* FeedItemsMapper.swift in Sources */ = {isa = PBXBuildFile; fileRef = F15855442E47987200B2CD84 /* FeedItemsMapper.swift */; };
		F189847F2E3752320093B281 /* EssentialFeed.framework in Frameworks */ = {isa = PBXBuildFile; fileRef = F18984752E3752310093B281 /* EssentialFeed.framework */; };
		F189849D2E3764630093B281 /* FeedItem.swift in Sources */ = {isa = PBXBuildFile; fileRef = F18984982E3764630093B281 /* FeedItem.swift */; };
		F189849E2E3764630093B281 /* FeedLoader.swift in Sources */ = {isa = PBXBuildFile; fileRef = F18984992E3764630093B281 /* FeedLoader.swift */; };
		F18984A22E3764920093B281 /* RemoteFeedLoader.swift in Sources */ = {isa = PBXBuildFile; fileRef = F18984A12E3764920093B281 /* RemoteFeedLoader.swift */; };
/* End PBXBuildFile section */

/* Begin PBXContainerItemProxy section */
		F10FD95E2E4CC87500D0E06C /* PBXContainerItemProxy */ = {
			isa = PBXContainerItemProxy;
			containerPortal = F189846C2E3752310093B281 /* Project object */;
			proxyType = 1;
			remoteGlobalIDString = F18984742E3752310093B281;
			remoteInfo = EssentialFeed;
		};
		F18984802E3752320093B281 /* PBXContainerItemProxy */ = {
			isa = PBXContainerItemProxy;
			containerPortal = F189846C2E3752310093B281 /* Project object */;
			proxyType = 1;
			remoteGlobalIDString = F18984742E3752310093B281;
			remoteInfo = EssentialFeed;
		};
/* End PBXContainerItemProxy section */

/* Begin PBXFileReference section */
		F10FD94A2E4C790500D0E06C /* RemoteFeedLoaderTests.swift */ = {isa = PBXFileReference; lastKnownFileType = sourcecode.swift; path = RemoteFeedLoaderTests.swift; sourceTree = "<group>"; };
		F10FD94B2E4C790500D0E06C /* URLSessionHTTPClientTests.swift */ = {isa = PBXFileReference; lastKnownFileType = sourcecode.swift; path = URLSessionHTTPClientTests.swift; sourceTree = "<group>"; };
		F10FD9512E4C7D4600D0E06C /* XCTestCase+MemoryLeakTracking.swift */ = {isa = PBXFileReference; lastKnownFileType = sourcecode.swift; path = "XCTestCase+MemoryLeakTracking.swift"; sourceTree = "<group>"; };
		F10FD9532E4CC43700D0E06C /* URLSessionHTTPClient.swift */ = {isa = PBXFileReference; lastKnownFileType = sourcecode.swift; path = URLSessionHTTPClient.swift; sourceTree = "<group>"; };
		F10FD9592E4CC87500D0E06C /* EssentialFeedAPIEndToEndTests.xctest */ = {isa = PBXFileReference; explicitFileType = wrapper.cfbundle; includeInIndex = 0; path = EssentialFeedAPIEndToEndTests.xctest; sourceTree = BUILT_PRODUCTS_DIR; };
		F15855422E4797FE00B2CD84 /* HTTPClient.swift */ = {isa = PBXFileReference; lastKnownFileType = sourcecode.swift; path = HTTPClient.swift; sourceTree = "<group>"; };
		F15855442E47987200B2CD84 /* FeedItemsMapper.swift */ = {isa = PBXFileReference; lastKnownFileType = sourcecode.swift; path = FeedItemsMapper.swift; sourceTree = "<group>"; };
		F18984752E3752310093B281 /* EssentialFeed.framework */ = {isa = PBXFileReference; explicitFileType = wrapper.framework; includeInIndex = 0; path = EssentialFeed.framework; sourceTree = BUILT_PRODUCTS_DIR; };
		F189847E2E3752320093B281 /* EssentialFeedTests.xctest */ = {isa = PBXFileReference; explicitFileType = wrapper.cfbundle; includeInIndex = 0; path = EssentialFeedTests.xctest; sourceTree = BUILT_PRODUCTS_DIR; };
		F18984982E3764630093B281 /* FeedItem.swift */ = {isa = PBXFileReference; lastKnownFileType = sourcecode.swift; path = FeedItem.swift; sourceTree = "<group>"; };
		F18984992E3764630093B281 /* FeedLoader.swift */ = {isa = PBXFileReference; lastKnownFileType = sourcecode.swift; path = FeedLoader.swift; sourceTree = "<group>"; };
		F18984A12E3764920093B281 /* RemoteFeedLoader.swift */ = {isa = PBXFileReference; lastKnownFileType = sourcecode.swift; path = RemoteFeedLoader.swift; sourceTree = "<group>"; };
/* End PBXFileReference section */

/* Begin PBXFileSystemSynchronizedRootGroup section */
		F10FD95A2E4CC87500D0E06C /* EssentialFeedAPIEndToEndTests */ = {
			isa = PBXFileSystemSynchronizedRootGroup;
			path = EssentialFeedAPIEndToEndTests;
			sourceTree = "<group>";
		};
/* End PBXFileSystemSynchronizedRootGroup section */

/* Begin PBXFrameworksBuildPhase section */
		F10FD9562E4CC87500D0E06C /* Frameworks */ = {
			isa = PBXFrameworksBuildPhase;
			buildActionMask = 2147483647;
			files = (
				F10FD95D2E4CC87500D0E06C /* EssentialFeed.framework in Frameworks */,
			);
			runOnlyForDeploymentPostprocessing = 0;
		};
		F18984722E3752310093B281 /* Frameworks */ = {
			isa = PBXFrameworksBuildPhase;
			buildActionMask = 2147483647;
			files = (
			);
			runOnlyForDeploymentPostprocessing = 0;
		};
		F189847B2E3752320093B281 /* Frameworks */ = {
			isa = PBXFrameworksBuildPhase;
			buildActionMask = 2147483647;
			files = (
				F189847F2E3752320093B281 /* EssentialFeed.framework in Frameworks */,
			);
			runOnlyForDeploymentPostprocessing = 0;
		};
/* End PBXFrameworksBuildPhase section */

/* Begin PBXGroup section */
		F10FD94C2E4C790500D0E06C /* Feed API */ = {
			isa = PBXGroup;
			children = (
				F10FD94A2E4C790500D0E06C /* RemoteFeedLoaderTests.swift */,
				F10FD94B2E4C790500D0E06C /* URLSessionHTTPClientTests.swift */,
			);
			path = "Feed API";
			sourceTree = "<group>";
		};
		F10FD94D2E4C790500D0E06C /* EssentialFeedTests */ = {
			isa = PBXGroup;
			children = (
				F10FD9502E4C7D0800D0E06C /* Helpers */,
				F10FD94C2E4C790500D0E06C /* Feed API */,
			);
			path = EssentialFeedTests;
			sourceTree = "<group>";
		};
		F10FD9502E4C7D0800D0E06C /* Helpers */ = {
			isa = PBXGroup;
			children = (
				F10FD9512E4C7D4600D0E06C /* XCTestCase+MemoryLeakTracking.swift */,
			);
			path = Helpers;
			sourceTree = "<group>";
		};
		F189846B2E3752310093B281 = {
			isa = PBXGroup;
			children = (
				F189849C2E3764630093B281 /* EssentialFeed */,
				F10FD94D2E4C790500D0E06C /* EssentialFeedTests */,
				F10FD95A2E4CC87500D0E06C /* EssentialFeedAPIEndToEndTests */,
				F18984762E3752310093B281 /* Products */,
			);
			sourceTree = "<group>";
		};
		F18984762E3752310093B281 /* Products */ = {
			isa = PBXGroup;
			children = (
				F18984752E3752310093B281 /* EssentialFeed.framework */,
				F189847E2E3752320093B281 /* EssentialFeedTests.xctest */,
				F10FD9592E4CC87500D0E06C /* EssentialFeedAPIEndToEndTests.xctest */,
			);
			name = Products;
			sourceTree = "<group>";
		};
		F189849A2E3764630093B281 /* FeedFeature */ = {
			isa = PBXGroup;
			children = (
				F18984982E3764630093B281 /* FeedItem.swift */,
				F18984992E3764630093B281 /* FeedLoader.swift */,
			);
			path = FeedFeature;
			sourceTree = "<group>";
		};
		F189849C2E3764630093B281 /* EssentialFeed */ = {
			isa = PBXGroup;
			children = (
				F189849A2E3764630093B281 /* FeedFeature */,
				F18984A02E3764680093B281 /* Feed API */,
			);
			path = EssentialFeed;
			sourceTree = "<group>";
		};
		F18984A02E3764680093B281 /* Feed API */ = {
			isa = PBXGroup;
			children = (
				F10FD9532E4CC43700D0E06C /* URLSessionHTTPClient.swift */,
				F15855442E47987200B2CD84 /* FeedItemsMapper.swift */,
				F15855422E4797FE00B2CD84 /* HTTPClient.swift */,
				F18984A12E3764920093B281 /* RemoteFeedLoader.swift */,
			);
			path = "Feed API";
			sourceTree = "<group>";
		};
/* End PBXGroup section */

/* Begin PBXHeadersBuildPhase section */
		F18984702E3752310093B281 /* Headers */ = {
			isa = PBXHeadersBuildPhase;
			buildActionMask = 2147483647;
			files = (
			);
			runOnlyForDeploymentPostprocessing = 0;
		};
/* End PBXHeadersBuildPhase section */

/* Begin PBXNativeTarget section */
		F10FD9582E4CC87500D0E06C /* EssentialFeedAPIEndToEndTests */ = {
			isa = PBXNativeTarget;
			buildConfigurationList = F10FD9602E4CC87500D0E06C /* Build configuration list for PBXNativeTarget "EssentialFeedAPIEndToEndTests" */;
			buildPhases = (
				F10FD9552E4CC87500D0E06C /* Sources */,
				F10FD9562E4CC87500D0E06C /* Frameworks */,
				F10FD9572E4CC87500D0E06C /* Resources */,
			);
			buildRules = (
			);
			dependencies = (
				F10FD95F2E4CC87500D0E06C /* PBXTargetDependency */,
			);
			fileSystemSynchronizedGroups = (
				F10FD95A2E4CC87500D0E06C /* EssentialFeedAPIEndToEndTests */,
			);
			name = EssentialFeedAPIEndToEndTests;
			packageProductDependencies = (
			);
			productName = EssentialFeedAPIEndToEndTests;
			productReference = F10FD9592E4CC87500D0E06C /* EssentialFeedAPIEndToEndTests.xctest */;
			productType = "com.apple.product-type.bundle.unit-test";
		};
		F18984742E3752310093B281 /* EssentialFeed */ = {
			isa = PBXNativeTarget;
			buildConfigurationList = F18984872E3752320093B281 /* Build configuration list for PBXNativeTarget "EssentialFeed" */;
			buildPhases = (
				F18984702E3752310093B281 /* Headers */,
				F18984712E3752310093B281 /* Sources */,
				F18984722E3752310093B281 /* Frameworks */,
				F18984732E3752310093B281 /* Resources */,
			);
			buildRules = (
			);
			dependencies = (
			);
			name = EssentialFeed;
			packageProductDependencies = (
			);
			productName = EssentialFeed;
			productReference = F18984752E3752310093B281 /* EssentialFeed.framework */;
			productType = "com.apple.product-type.framework";
		};
		F189847D2E3752320093B281 /* EssentialFeedTests */ = {
			isa = PBXNativeTarget;
			buildConfigurationList = F189848A2E3752320093B281 /* Build configuration list for PBXNativeTarget "EssentialFeedTests" */;
			buildPhases = (
				F189847A2E3752320093B281 /* Sources */,
				F189847B2E3752320093B281 /* Frameworks */,
				F189847C2E3752320093B281 /* Resources */,
			);
			buildRules = (
			);
			dependencies = (
				F18984812E3752320093B281 /* PBXTargetDependency */,
			);
			name = EssentialFeedTests;
			packageProductDependencies = (
			);
			productName = EssentialFeedTests;
			productReference = F189847E2E3752320093B281 /* EssentialFeedTests.xctest */;
			productType = "com.apple.product-type.bundle.unit-test";
		};
/* End PBXNativeTarget section */

/* Begin PBXProject section */
		F189846C2E3752310093B281 /* Project object */ = {
			isa = PBXProject;
			attributes = {
				BuildIndependentTargetsInParallel = 1;
				LastSwiftUpdateCheck = 1640;
				LastUpgradeCheck = 1640;
				TargetAttributes = {
					F10FD9582E4CC87500D0E06C = {
						CreatedOnToolsVersion = 16.4;
					};
					F18984742E3752310093B281 = {
						CreatedOnToolsVersion = 16.4;
					};
					F189847D2E3752320093B281 = {
						CreatedOnToolsVersion = 16.4;
					};
				};
			};
			buildConfigurationList = F189846F2E3752310093B281 /* Build configuration list for PBXProject "EssentialFeed" */;
			developmentRegion = en;
			hasScannedForEncodings = 0;
			knownRegions = (
				en,
				Base,
			);
			mainGroup = F189846B2E3752310093B281;
			minimizedProjectReferenceProxies = 1;
			preferredProjectObjectVersion = 77;
			productRefGroup = F18984762E3752310093B281 /* Products */;
			projectDirPath = "";
			projectRoot = "";
			targets = (
				F18984742E3752310093B281 /* EssentialFeed */,
				F189847D2E3752320093B281 /* EssentialFeedTests */,
				F10FD9582E4CC87500D0E06C /* EssentialFeedAPIEndToEndTests */,
			);
		};
/* End PBXProject section */

/* Begin PBXResourcesBuildPhase section */
		F10FD9572E4CC87500D0E06C /* Resources */ = {
			isa = PBXResourcesBuildPhase;
			buildActionMask = 2147483647;
			files = (
			);
			runOnlyForDeploymentPostprocessing = 0;
		};
		F18984732E3752310093B281 /* Resources */ = {
			isa = PBXResourcesBuildPhase;
			buildActionMask = 2147483647;
			files = (
			);
			runOnlyForDeploymentPostprocessing = 0;
		};
		F189847C2E3752320093B281 /* Resources */ = {
			isa = PBXResourcesBuildPhase;
			buildActionMask = 2147483647;
			files = (
			);
			runOnlyForDeploymentPostprocessing = 0;
		};
/* End PBXResourcesBuildPhase section */

/* Begin PBXSourcesBuildPhase section */
		F10FD9552E4CC87500D0E06C /* Sources */ = {
			isa = PBXSourcesBuildPhase;
			buildActionMask = 2147483647;
			files = (
			);
			runOnlyForDeploymentPostprocessing = 0;
		};
		F18984712E3752310093B281 /* Sources */ = {
			isa = PBXSourcesBuildPhase;
			buildActionMask = 2147483647;
			files = (
				F15855452E47987200B2CD84 /* FeedItemsMapper.swift in Sources */,
				F189849D2E3764630093B281 /* FeedItem.swift in Sources */,
				F18984A22E3764920093B281 /* RemoteFeedLoader.swift in Sources */,
				F15855432E4797FE00B2CD84 /* HTTPClient.swift in Sources */,
				F189849E2E3764630093B281 /* FeedLoader.swift in Sources */,
				F10FD9542E4CC43700D0E06C /* URLSessionHTTPClient.swift in Sources */,
			);
			runOnlyForDeploymentPostprocessing = 0;
		};
		F189847A2E3752320093B281 /* Sources */ = {
			isa = PBXSourcesBuildPhase;
			buildActionMask = 2147483647;
			files = (
				F10FD94E2E4C790500D0E06C /* RemoteFeedLoaderTests.swift in Sources */,
				F10FD94F2E4C790500D0E06C /* URLSessionHTTPClientTests.swift in Sources */,
				F10FD9522E4C7D4600D0E06C /* XCTestCase+MemoryLeakTracking.swift in Sources */,
			);
			runOnlyForDeploymentPostprocessing = 0;
		};
/* End PBXSourcesBuildPhase section */

/* Begin PBXTargetDependency section */
		F10FD95F2E4CC87500D0E06C /* PBXTargetDependency */ = {
			isa = PBXTargetDependency;
			target = F18984742E3752310093B281 /* EssentialFeed */;
			targetProxy = F10FD95E2E4CC87500D0E06C /* PBXContainerItemProxy */;
		};
		F18984812E3752320093B281 /* PBXTargetDependency */ = {
			isa = PBXTargetDependency;
			target = F18984742E3752310093B281 /* EssentialFeed */;
			targetProxy = F18984802E3752320093B281 /* PBXContainerItemProxy */;
		};
/* End PBXTargetDependency section */

/* Begin XCBuildConfiguration section */
		F10FD9612E4CC87500D0E06C /* Debug */ = {
			isa = XCBuildConfiguration;
			buildSettings = {
				CODE_SIGN_STYLE = Automatic;
				CURRENT_PROJECT_VERSION = 1;
				DEVELOPMENT_TEAM = 9MRYBG62JT;
				GENERATE_INFOPLIST_FILE = YES;
				MARKETING_VERSION = 1.0;
				PRODUCT_BUNDLE_IDENTIFIER = exwhyzee.EssentialFeedAPIEndToEndTests;
				PRODUCT_NAME = "$(TARGET_NAME)";
				SWIFT_EMIT_LOC_STRINGS = NO;
				SWIFT_VERSION = 5.0;
			};
			name = Debug;
		};
		F10FD9622E4CC87500D0E06C /* Release */ = {
			isa = XCBuildConfiguration;
			buildSettings = {
				CODE_SIGN_STYLE = Automatic;
				CURRENT_PROJECT_VERSION = 1;
				DEVELOPMENT_TEAM = 9MRYBG62JT;
				GENERATE_INFOPLIST_FILE = YES;
				MARKETING_VERSION = 1.0;
				PRODUCT_BUNDLE_IDENTIFIER = exwhyzee.EssentialFeedAPIEndToEndTests;
				PRODUCT_NAME = "$(TARGET_NAME)";
				SWIFT_EMIT_LOC_STRINGS = NO;
				SWIFT_VERSION = 5.0;
			};
			name = Release;
		};
		F18984852E3752320093B281 /* Debug */ = {
			isa = XCBuildConfiguration;
			buildSettings = {
				ALWAYS_SEARCH_USER_PATHS = NO;
				ASSETCATALOG_COMPILER_GENERATE_SWIFT_ASSET_SYMBOL_EXTENSIONS = YES;
				CLANG_ANALYZER_NONNULL = YES;
				CLANG_ANALYZER_NUMBER_OBJECT_CONVERSION = YES_AGGRESSIVE;
				CLANG_CXX_LANGUAGE_STANDARD = "gnu++20";
				CLANG_ENABLE_MODULES = YES;
				CLANG_ENABLE_OBJC_ARC = YES;
				CLANG_ENABLE_OBJC_WEAK = YES;
				CLANG_WARN_BLOCK_CAPTURE_AUTORELEASING = YES;
				CLANG_WARN_BOOL_CONVERSION = YES;
				CLANG_WARN_COMMA = YES;
				CLANG_WARN_CONSTANT_CONVERSION = YES;
				CLANG_WARN_DEPRECATED_OBJC_IMPLEMENTATIONS = YES;
				CLANG_WARN_DIRECT_OBJC_ISA_USAGE = YES_ERROR;
				CLANG_WARN_DOCUMENTATION_COMMENTS = YES;
				CLANG_WARN_EMPTY_BODY = YES;
				CLANG_WARN_ENUM_CONVERSION = YES;
				CLANG_WARN_INFINITE_RECURSION = YES;
				CLANG_WARN_INT_CONVERSION = YES;
				CLANG_WARN_NON_LITERAL_NULL_CONVERSION = YES;
				CLANG_WARN_OBJC_IMPLICIT_RETAIN_SELF = YES;
				CLANG_WARN_OBJC_LITERAL_CONVERSION = YES;
				CLANG_WARN_OBJC_ROOT_CLASS = YES_ERROR;
				CLANG_WARN_QUOTED_INCLUDE_IN_FRAMEWORK_HEADER = YES;
				CLANG_WARN_RANGE_LOOP_ANALYSIS = YES;
				CLANG_WARN_STRICT_PROTOTYPES = YES;
				CLANG_WARN_SUSPICIOUS_MOVE = YES;
				CLANG_WARN_UNGUARDED_AVAILABILITY = YES_AGGRESSIVE;
				CLANG_WARN_UNREACHABLE_CODE = YES;
				CLANG_WARN__DUPLICATE_METHOD_MATCH = YES;
				COPY_PHASE_STRIP = NO;
				CURRENT_PROJECT_VERSION = 1;
				DEBUG_INFORMATION_FORMAT = dwarf;
				DEVELOPMENT_TEAM = 9MRYBG62JT;
				ENABLE_STRICT_OBJC_MSGSEND = YES;
				ENABLE_TESTABILITY = YES;
				ENABLE_USER_SCRIPT_SANDBOXING = YES;
				GCC_C_LANGUAGE_STANDARD = gnu17;
				GCC_DYNAMIC_NO_PIC = NO;
				GCC_NO_COMMON_BLOCKS = YES;
				GCC_OPTIMIZATION_LEVEL = 0;
				GCC_PREPROCESSOR_DEFINITIONS = (
					"DEBUG=1",
					"$(inherited)",
				);
				GCC_WARN_64_TO_32_BIT_CONVERSION = YES;
				GCC_WARN_ABOUT_RETURN_TYPE = YES_ERROR;
				GCC_WARN_UNDECLARED_SELECTOR = YES;
				GCC_WARN_UNINITIALIZED_AUTOS = YES_AGGRESSIVE;
				GCC_WARN_UNUSED_FUNCTION = YES;
				GCC_WARN_UNUSED_VARIABLE = YES;
				LOCALIZATION_PREFERS_STRING_CATALOGS = YES;
				MACOSX_DEPLOYMENT_TARGET = 15.5;
				MTL_ENABLE_DEBUG_INFO = INCLUDE_SOURCE;
				MTL_FAST_MATH = YES;
				ONLY_ACTIVE_ARCH = YES;
				SDKROOT = macosx;
				SWIFT_ACTIVE_COMPILATION_CONDITIONS = "DEBUG $(inherited)";
				SWIFT_OPTIMIZATION_LEVEL = "-Onone";
				VERSIONING_SYSTEM = "apple-generic";
				VERSION_INFO_PREFIX = "";
			};
			name = Debug;
		};
		F18984862E3752320093B281 /* Release */ = {
			isa = XCBuildConfiguration;
			buildSettings = {
				ALWAYS_SEARCH_USER_PATHS = NO;
				ASSETCATALOG_COMPILER_GENERATE_SWIFT_ASSET_SYMBOL_EXTENSIONS = YES;
				CLANG_ANALYZER_NONNULL = YES;
				CLANG_ANALYZER_NUMBER_OBJECT_CONVERSION = YES_AGGRESSIVE;
				CLANG_CXX_LANGUAGE_STANDARD = "gnu++20";
				CLANG_ENABLE_MODULES = YES;
				CLANG_ENABLE_OBJC_ARC = YES;
				CLANG_ENABLE_OBJC_WEAK = YES;
				CLANG_WARN_BLOCK_CAPTURE_AUTORELEASING = YES;
				CLANG_WARN_BOOL_CONVERSION = YES;
				CLANG_WARN_COMMA = YES;
				CLANG_WARN_CONSTANT_CONVERSION = YES;
				CLANG_WARN_DEPRECATED_OBJC_IMPLEMENTATIONS = YES;
				CLANG_WARN_DIRECT_OBJC_ISA_USAGE = YES_ERROR;
				CLANG_WARN_DOCUMENTATION_COMMENTS = YES;
				CLANG_WARN_EMPTY_BODY = YES;
				CLANG_WARN_ENUM_CONVERSION = YES;
				CLANG_WARN_INFINITE_RECURSION = YES;
				CLANG_WARN_INT_CONVERSION = YES;
				CLANG_WARN_NON_LITERAL_NULL_CONVERSION = YES;
				CLANG_WARN_OBJC_IMPLICIT_RETAIN_SELF = YES;
				CLANG_WARN_OBJC_LITERAL_CONVERSION = YES;
				CLANG_WARN_OBJC_ROOT_CLASS = YES_ERROR;
				CLANG_WARN_QUOTED_INCLUDE_IN_FRAMEWORK_HEADER = YES;
				CLANG_WARN_RANGE_LOOP_ANALYSIS = YES;
				CLANG_WARN_STRICT_PROTOTYPES = YES;
				CLANG_WARN_SUSPICIOUS_MOVE = YES;
				CLANG_WARN_UNGUARDED_AVAILABILITY = YES_AGGRESSIVE;
				CLANG_WARN_UNREACHABLE_CODE = YES;
				CLANG_WARN__DUPLICATE_METHOD_MATCH = YES;
				COPY_PHASE_STRIP = NO;
				CURRENT_PROJECT_VERSION = 1;
				DEBUG_INFORMATION_FORMAT = "dwarf-with-dsym";
				DEVELOPMENT_TEAM = 9MRYBG62JT;
				ENABLE_NS_ASSERTIONS = NO;
				ENABLE_STRICT_OBJC_MSGSEND = YES;
				ENABLE_USER_SCRIPT_SANDBOXING = YES;
				GCC_C_LANGUAGE_STANDARD = gnu17;
				GCC_NO_COMMON_BLOCKS = YES;
				GCC_WARN_64_TO_32_BIT_CONVERSION = YES;
				GCC_WARN_ABOUT_RETURN_TYPE = YES_ERROR;
				GCC_WARN_UNDECLARED_SELECTOR = YES;
				GCC_WARN_UNINITIALIZED_AUTOS = YES_AGGRESSIVE;
				GCC_WARN_UNUSED_FUNCTION = YES;
				GCC_WARN_UNUSED_VARIABLE = YES;
				LOCALIZATION_PREFERS_STRING_CATALOGS = YES;
				MACOSX_DEPLOYMENT_TARGET = 15.5;
				MTL_ENABLE_DEBUG_INFO = NO;
				MTL_FAST_MATH = YES;
				SDKROOT = macosx;
				SWIFT_COMPILATION_MODE = wholemodule;
				VERSIONING_SYSTEM = "apple-generic";
				VERSION_INFO_PREFIX = "";
			};
			name = Release;
		};
		F18984882E3752320093B281 /* Debug */ = {
			isa = XCBuildConfiguration;
			buildSettings = {
				BUILD_LIBRARY_FOR_DISTRIBUTION = YES;
				CODE_SIGN_STYLE = Automatic;
				COMBINE_HIDPI_IMAGES = YES;
				CURRENT_PROJECT_VERSION = 1;
				DEVELOPMENT_TEAM = 9MRYBG62JT;
				DYLIB_COMPATIBILITY_VERSION = 1;
				DYLIB_CURRENT_VERSION = 1;
				DYLIB_INSTALL_NAME_BASE = "@rpath";
				ENABLE_MODULE_VERIFIER = YES;
				GENERATE_INFOPLIST_FILE = YES;
				INFOPLIST_KEY_NSHumanReadableCopyright = "";
				INSTALL_PATH = "$(LOCAL_LIBRARY_DIR)/Frameworks";
				LD_RUNPATH_SEARCH_PATHS = (
					"$(inherited)",
					"@executable_path/../Frameworks",
					"@loader_path/Frameworks",
				);
				MARKETING_VERSION = 1.0;
				MODULE_VERIFIER_SUPPORTED_LANGUAGES = "objective-c objective-c++";
				MODULE_VERIFIER_SUPPORTED_LANGUAGE_STANDARDS = "gnu17 gnu++20";
				PRODUCT_BUNDLE_IDENTIFIER = exwhyzee.EssentialFeed;
				PRODUCT_NAME = "$(TARGET_NAME:c99extidentifier)";
				SKIP_INSTALL = YES;
				SWIFT_EMIT_LOC_STRINGS = YES;
				SWIFT_INSTALL_MODULE = YES;
				SWIFT_INSTALL_OBJC_HEADER = NO;
				SWIFT_VERSION = 5.0;
			};
			name = Debug;
		};
		F18984892E3752320093B281 /* Release */ = {
			isa = XCBuildConfiguration;
			buildSettings = {
				BUILD_LIBRARY_FOR_DISTRIBUTION = YES;
				CODE_SIGN_STYLE = Automatic;
				COMBINE_HIDPI_IMAGES = YES;
				CURRENT_PROJECT_VERSION = 1;
				DEVELOPMENT_TEAM = 9MRYBG62JT;
				DYLIB_COMPATIBILITY_VERSION = 1;
				DYLIB_CURRENT_VERSION = 1;
				DYLIB_INSTALL_NAME_BASE = "@rpath";
				ENABLE_MODULE_VERIFIER = YES;
				GENERATE_INFOPLIST_FILE = YES;
				INFOPLIST_KEY_NSHumanReadableCopyright = "";
				INSTALL_PATH = "$(LOCAL_LIBRARY_DIR)/Frameworks";
				LD_RUNPATH_SEARCH_PATHS = (
					"$(inherited)",
					"@executable_path/../Frameworks",
					"@loader_path/Frameworks",
				);
				MARKETING_VERSION = 1.0;
				MODULE_VERIFIER_SUPPORTED_LANGUAGES = "objective-c objective-c++";
				MODULE_VERIFIER_SUPPORTED_LANGUAGE_STANDARDS = "gnu17 gnu++20";
				PRODUCT_BUNDLE_IDENTIFIER = exwhyzee.EssentialFeed;
				PRODUCT_NAME = "$(TARGET_NAME:c99extidentifier)";
				SKIP_INSTALL = YES;
				SWIFT_EMIT_LOC_STRINGS = YES;
				SWIFT_INSTALL_MODULE = YES;
				SWIFT_INSTALL_OBJC_HEADER = NO;
				SWIFT_VERSION = 5.0;
			};
			name = Release;
		};
		F189848B2E3752320093B281 /* Debug */ = {
			isa = XCBuildConfiguration;
			buildSettings = {
				CODE_SIGN_STYLE = Automatic;
				CURRENT_PROJECT_VERSION = 1;
				DEVELOPMENT_TEAM = 9MRYBG62JT;
				GENERATE_INFOPLIST_FILE = YES;
				MARKETING_VERSION = 1.0;
				PRODUCT_BUNDLE_IDENTIFIER = exwhyzee.EssentialFeedTests;
				PRODUCT_NAME = "$(TARGET_NAME)";
				SWIFT_EMIT_LOC_STRINGS = NO;
				SWIFT_VERSION = 5.0;
			};
			name = Debug;
		};
		F189848C2E3752320093B281 /* Release */ = {
			isa = XCBuildConfiguration;
			buildSettings = {
				CODE_SIGN_STYLE = Automatic;
				CURRENT_PROJECT_VERSION = 1;
				DEVELOPMENT_TEAM = 9MRYBG62JT;
				GENERATE_INFOPLIST_FILE = YES;
				MARKETING_VERSION = 1.0;
				PRODUCT_BUNDLE_IDENTIFIER = exwhyzee.EssentialFeedTests;
				PRODUCT_NAME = "$(TARGET_NAME)";
				SWIFT_EMIT_LOC_STRINGS = NO;
				SWIFT_VERSION = 5.0;
			};
			name = Release;
		};
/* End XCBuildConfiguration section */

/* Begin XCConfigurationList section */
		F10FD9602E4CC87500D0E06C /* Build configuration list for PBXNativeTarget "EssentialFeedAPIEndToEndTests" */ = {
			isa = XCConfigurationList;
			buildConfigurations = (
				F10FD9612E4CC87500D0E06C /* Debug */,
				F10FD9622E4CC87500D0E06C /* Release */,
			);
			defaultConfigurationIsVisible = 0;
			defaultConfigurationName = Release;
		};
		F189846F2E3752310093B281 /* Build configuration list for PBXProject "EssentialFeed" */ = {
			isa = XCConfigurationList;
			buildConfigurations = (
				F18984852E3752320093B281 /* Debug */,
				F18984862E3752320093B281 /* Release */,
			);
			defaultConfigurationIsVisible = 0;
			defaultConfigurationName = Release;
		};
		F18984872E3752320093B281 /* Build configuration list for PBXNativeTarget "EssentialFeed" */ = {
			isa = XCConfigurationList;
			buildConfigurations = (
				F18984882E3752320093B281 /* Debug */,
				F18984892E3752320093B281 /* Release */,
			);
			defaultConfigurationIsVisible = 0;
			defaultConfigurationName = Release;
		};
		F189848A2E3752320093B281 /* Build configuration list for PBXNativeTarget "EssentialFeedTests" */ = {
			isa = XCConfigurationList;
			buildConfigurations = (
				F189848B2E3752320093B281 /* Debug */,
				F189848C2E3752320093B281 /* Release */,
			);
			defaultConfigurationIsVisible = 0;
			defaultConfigurationName = Release;
		};
/* End XCConfigurationList section */
	};
	rootObject = F189846C2E3752310093B281 /* Project object */;
}
